// !$*UTF8*$!
{
	archiveVersion = 1;
	classes = {
	};
	objectVersion = 56;
	objects = {

/* Begin PBXBuildFile section */
		EF04D0BE2E737D5800CAB10C /* JLSettings.docc in Sources */ = {isa = PBXBuildFile; fileRef = EF04D0BD2E737D5800CAB10C /* JLSettings.docc */; };
		EF8135052E7270190019FD86 /* JLKernel.framework in Frameworks */ = {isa = PBXBuildFile; fileRef = EF8135042E7270190019FD86 /* JLKernel.framework */; };
		EF9CBD2C2EA985DA0077C439 /* JLSettingsGetHandler.h in Headers */ = {isa = PBXBuildFile; fileRef = EF9CBD2A2EA985DA0077C439 /* JLSettingsGetHandler.h */; };
		EF9CBD2D2EA985DA0077C439 /* JLSettingsGetHandler.m in Sources */ = {isa = PBXBuildFile; fileRef = EF9CBD2B2EA985DA0077C439 /* JLSettingsGetHandler.m */; };
		EF9CBD2F2EA98A250077C439 /* JLSettings.js in Resources */ = {isa = PBXBuildFile; fileRef = EF9CBD2E2EA98A250077C439 /* JLSettings.js */; };
		EF9CBD312EA98C540077C439 /* examples.html in Resources */ = {isa = PBXBuildFile; fileRef = EF9CBD302EA98C540077C439 /* examples.html */; };
		EFBB86C42E79EA1A004CCD1D /* JLSettings.h in Headers */ = {isa = PBXBuildFile; fileRef = EFBB86C22E79EA1A004CCD1D /* JLSettings.h */; settings = {ATTRIBUTES = (Public, ); }; };
		EFBB86C52E79EA1A004CCD1D /* JLSettings.m in Sources */ = {isa = PBXBuildFile; fileRef = EFBB86C32E79EA1A004CCD1D /* JLSettings.m */; };
/* End PBXBuildFile section */

/* Begin PBXFileReference section */
		EF04D0BD2E737D5800CAB10C /* JLSettings.docc */ = {isa = PBXFileReference; lastKnownFileType = folder.documentationcatalog; path = JLSettings.docc; sourceTree = "<group>"; };
		EF8134F92E726F090019FD86 /* JLSettings.framework */ = {isa = PBXFileReference; explicitFileType = wrapper.framework; includeInIndex = 0; path = JLSettings.framework; sourceTree = BUILT_PRODUCTS_DIR; };
		EF8135042E7270190019FD86 /* JLKernel.framework */ = {isa = PBXFileReference; explicitFileType = wrapper.framework; path = JLKernel.framework; sourceTree = BUILT_PRODUCTS_DIR; };
		EF9CBD2A2EA985DA0077C439 /* JLSettingsGetHandler.h */ = {isa = PBXFileReference; lastKnownFileType = sourcecode.c.h; path = JLSettingsGetHandler.h; sourceTree = "<group>"; };
		EF9CBD2B2EA985DA0077C439 /* JLSettingsGetHandler.m */ = {isa = PBXFileReference; lastKnownFileType = sourcecode.c.objc; path = JLSettingsGetHandler.m; sourceTree = "<group>"; };
		EF9CBD2E2EA98A250077C439 /* JLSettings.js */ = {isa = PBXFileReference; lastKnownFileType = sourcecode.javascript; path = JLSettings.js; sourceTree = "<group>"; };
		EF9CBD302EA98C540077C439 /* examples.html */ = {isa = PBXFileReference; lastKnownFileType = text.html; path = examples.html; sourceTree = "<group>"; };
		EFBB86C22E79EA1A004CCD1D /* JLSettings.h */ = {isa = PBXFileReference; lastKnownFileType = sourcecode.c.h; path = JLSettings.h; sourceTree = "<group>"; };
		EFBB86C32E79EA1A004CCD1D /* JLSettings.m */ = {isa = PBXFileReference; lastKnownFileType = sourcecode.c.objc; path = JLSettings.m; sourceTree = "<group>"; };
/* End PBXFileReference section */

/* Begin PBXFrameworksBuildPhase section */
		EF8134F62E726F090019FD86 /* Frameworks */ = {
			isa = PBXFrameworksBuildPhase;
			buildActionMask = 2147483647;
			files = (
				EF8135052E7270190019FD86 /* JLKernel.framework in Frameworks */,
			);
			runOnlyForDeploymentPostprocessing = 0;
		};
/* End PBXFrameworksBuildPhase section */

/* Begin PBXGroup section */
		EF8134EF2E726F090019FD86 = {
			isa = PBXGroup;
			children = (
				EF8134FB2E726F090019FD86 /* JLSettings */,
				EF8134FA2E726F090019FD86 /* Products */,
				EF8135032E7270190019FD86 /* Frameworks */,
			);
			sourceTree = "<group>";
		};
		EF8134FA2E726F090019FD86 /* Products */ = {
			isa = PBXGroup;
			children = (
				EF8134F92E726F090019FD86 /* JLSettings.framework */,
			);
			name = Products;
			sourceTree = "<group>";
		};
		EF8134FB2E726F090019FD86 /* JLSettings */ = {
			isa = PBXGroup;
			children = (
				EF9CBD302EA98C540077C439 /* examples.html */,
				EF9CBD282EA9834A0077C439 /* Handlers */,
				EF9CBD2E2EA98A250077C439 /* JLSettings.js */,
				EFBB86C22E79EA1A004CCD1D /* JLSettings.h */,
				EFBB86C32E79EA1A004CCD1D /* JLSettings.m */,
				EF04D0BD2E737D5800CAB10C /* JLSettings.docc */,
			);
			path = JLSettings;
			sourceTree = "<group>";
		};
		EF8135032E7270190019FD86 /* Frameworks */ = {
			isa = PBXGroup;
			children = (
				EF8135042E7270190019FD86 /* JLKernel.framework */,
			);
			name = Frameworks;
			sourceTree = "<group>";
		};
		EF9CBD282EA9834A0077C439 /* Handlers */ = {
			isa = PBXGroup;
			children = (
				EF9CBD292EA983550077C439 /* $settings.get */,
			);
			path = Handlers;
			sourceTree = "<group>";
		};
		EF9CBD292EA983550077C439 /* $settings.get */ = {
			isa = PBXGroup;
			children = (
				EF9CBD2A2EA985DA0077C439 /* JLSettingsGetHandler.h */,
				EF9CBD2B2EA985DA0077C439 /* JLSettingsGetHandler.m */,
			);
			path = $settings.get;
			sourceTree = "<group>";
		};
/* End PBXGroup section */

/* Begin PBXHeadersBuildPhase section */
		EF8134F42E726F090019FD86 /* Headers */ = {
			isa = PBXHeadersBuildPhase;
			buildActionMask = 2147483647;
			files = (
				EFBB86C42E79EA1A004CCD1D /* JLSettings.h in Headers */,
				EF9CBD2C2EA985DA0077C439 /* JLSettingsGetHandler.h in Headers */,
			);
			runOnlyForDeploymentPostprocessing = 0;
		};
/* End PBXHeadersBuildPhase section */

/* Begin PBXNativeTarget section */
		EF8134F82E726F090019FD86 /* JLSettings */ = {
			isa = PBXNativeTarget;
			buildConfigurationList = EF8135002E726F0A0019FD86 /* Build configuration list for PBXNativeTarget "JLSettings" */;
			buildPhases = (
				EF8134F42E726F090019FD86 /* Headers */,
				EF8134F52E726F090019FD86 /* Sources */,
				EF8134F62E726F090019FD86 /* Frameworks */,
				EF8134F72E726F090019FD86 /* Resources */,
				EF9CBD322EA98E5E0077C439 /* Add Examples */,
			);
			buildRules = (
			);
			dependencies = (
			);
			name = JLSettings;
			productName = JLSettings;
			productReference = EF8134F92E726F090019FD86 /* JLSettings.framework */;
			productType = "com.apple.product-type.framework";
		};
/* End PBXNativeTarget section */

/* Begin PBXProject section */
		EF8134F02E726F090019FD86 /* Project object */ = {
			isa = PBXProject;
			attributes = {
				BuildIndependentTargetsInParallel = 1;
				LastUpgradeCheck = 1420;
				TargetAttributes = {
					EF8134F82E726F090019FD86 = {
						CreatedOnToolsVersion = 14.2;
					};
				};
			};
			buildConfigurationList = EF8134F32E726F090019FD86 /* Build configuration list for PBXProject "JLSettings" */;
			compatibilityVersion = "Xcode 14.0";
			developmentRegion = en;
			hasScannedForEncodings = 0;
			knownRegions = (
				en,
				Base,
			);
			mainGroup = EF8134EF2E726F090019FD86;
			productRefGroup = EF8134FA2E726F090019FD86 /* Products */;
			projectDirPath = "";
			projectRoot = "";
			targets = (
				EF8134F82E726F090019FD86 /* JLSettings */,
			);
		};
/* End PBXProject section */

/* Begin PBXResourcesBuildPhase section */
		EF8134F72E726F090019FD86 /* Resources */ = {
			isa = PBXResourcesBuildPhase;
			buildActionMask = 2147483647;
			files = (
				EF9CBD2F2EA98A250077C439 /* JLSettings.js in Resources */,
				EF9CBD312EA98C540077C439 /* examples.html in Resources */,
			);
			runOnlyForDeploymentPostprocessing = 0;
		};
/* End PBXResourcesBuildPhase section */

/* Begin PBXShellScriptBuildPhase section */
		EF9CBD322EA98E5E0077C439 /* Add Examples */ = {
			isa = PBXShellScriptBuildPhase;
			buildActionMask = 2147483647;
			files = (
			);
			inputFileListPaths = (
			);
			inputPaths = (
			);
			name = "Add Examples";
			outputFileListPaths = (
			);
			outputPaths = (
			);
			runOnlyForDeploymentPostprocessing = 0;
			shellPath = /bin/sh;
			shellScript = "NAME=\"JLSettings\"\nEXAMPLES_DIR=\"${PWD}/../../App/Files/Examples\"\nTEMPLATES_DIR=\"${EXAMPLES_DIR}/Templates\"\nSOURCES_DIR=\"${PWD}/${NAME}\"\n\n# Only copy the examples if the examples directory exists\nif [ -d \"${EXAMPLES_DIR}\" ] \nthen\n cat \"${SOURCES_DIR}/examples.html\" > \"${EXAMPLES_DIR}/${NAME}.example.html\"\nfi\n\n";
		};
/* End PBXShellScriptBuildPhase section */

/* Begin PBXSourcesBuildPhase section */
		EF8134F52E726F090019FD86 /* Sources */ = {
			isa = PBXSourcesBuildPhase;
			buildActionMask = 2147483647;
			files = (
				EFBB86C52E79EA1A004CCD1D /* JLSettings.m in Sources */,
				EF04D0BE2E737D5800CAB10C /* JLSettings.docc in Sources */,
				EF9CBD2D2EA985DA0077C439 /* JLSettingsGetHandler.m in Sources */,
			);
			runOnlyForDeploymentPostprocessing = 0;
		};
/* End PBXSourcesBuildPhase section */

/* Begin XCBuildConfiguration section */
		EF8134FE2E726F0A0019FD86 /* Debug */ = {
			isa = XCBuildConfiguration;
			buildSettings = {
				ALWAYS_SEARCH_USER_PATHS = NO;
				CLANG_ANALYZER_NONNULL = YES;
				CLANG_ANALYZER_NUMBER_OBJECT_CONVERSION = YES_AGGRESSIVE;
				CLANG_CXX_LANGUAGE_STANDARD = "gnu++20";
				CLANG_ENABLE_MODULES = YES;
				CLANG_ENABLE_OBJC_ARC = YES;
				CLANG_ENABLE_OBJC_WEAK = YES;
				CLANG_WARN_BLOCK_CAPTURE_AUTORELEASING = YES;
				CLANG_WARN_BOOL_CONVERSION = YES;
				CLANG_WARN_COMMA = YES;
				CLANG_WARN_CONSTANT_CONVERSION = YES;
				CLANG_WARN_DEPRECATED_OBJC_IMPLEMENTATIONS = YES;
				CLANG_WARN_DIRECT_OBJC_ISA_USAGE = YES_ERROR;
				CLANG_WARN_DOCUMENTATION_COMMENTS = YES;
				CLANG_WARN_EMPTY_BODY = YES;
				CLANG_WARN_ENUM_CONVERSION = YES;
				CLANG_WARN_INFINITE_RECURSION = YES;
				CLANG_WARN_INT_CONVERSION = YES;
				CLANG_WARN_NON_LITERAL_NULL_CONVERSION = YES;
				CLANG_WARN_OBJC_IMPLICIT_RETAIN_SELF = YES;
				CLANG_WARN_OBJC_LITERAL_CONVERSION = YES;
				CLANG_WARN_OBJC_ROOT_CLASS = YES_ERROR;
				CLANG_WARN_QUOTED_INCLUDE_IN_FRAMEWORK_HEADER = YES;
				CLANG_WARN_RANGE_LOOP_ANALYSIS = YES;
				CLANG_WARN_STRICT_PROTOTYPES = YES;
				CLANG_WARN_SUSPICIOUS_MOVE = YES;
				CLANG_WARN_UNGUARDED_AVAILABILITY = YES_AGGRESSIVE;
				CLANG_WARN_UNREACHABLE_CODE = YES;
				CLANG_WARN__DUPLICATE_METHOD_MATCH = YES;
				COPY_PHASE_STRIP = NO;
				CURRENT_PROJECT_VERSION = 1;
				DEBUG_INFORMATION_FORMAT = dwarf;
				ENABLE_STRICT_OBJC_MSGSEND = YES;
				ENABLE_TESTABILITY = YES;
				GCC_C_LANGUAGE_STANDARD = gnu11;
				GCC_DYNAMIC_NO_PIC = NO;
				GCC_NO_COMMON_BLOCKS = YES;
				GCC_OPTIMIZATION_LEVEL = 0;
				GCC_PREPROCESSOR_DEFINITIONS = (
					"DEBUG=1",
					"$(inherited)",
				);
				GCC_WARN_64_TO_32_BIT_CONVERSION = YES;
				GCC_WARN_ABOUT_RETURN_TYPE = YES_ERROR;
				GCC_WARN_UNDECLARED_SELECTOR = YES;
				GCC_WARN_UNINITIALIZED_AUTOS = YES_AGGRESSIVE;
				GCC_WARN_UNUSED_FUNCTION = YES;
				GCC_WARN_UNUSED_VARIABLE = YES;
				IPHONEOS_DEPLOYMENT_TARGET = 14.0;
				MTL_ENABLE_DEBUG_INFO = INCLUDE_SOURCE;
				MTL_FAST_MATH = YES;
				ONLY_ACTIVE_ARCH = YES;
				SDKROOT = iphoneos;
				VERSIONING_SYSTEM = "apple-generic";
				VERSION_INFO_PREFIX = "";
			};
			name = Debug;
		};
		EF8134FF2E726F0A0019FD86 /* Release */ = {
			isa = XCBuildConfiguration;
			buildSettings = {
				ALWAYS_SEARCH_USER_PATHS = NO;
				CLANG_ANALYZER_NONNULL = YES;
				CLANG_ANALYZER_NUMBER_OBJECT_CONVERSION = YES_AGGRESSIVE;
				CLANG_CXX_LANGUAGE_STANDARD = "gnu++20";
				CLANG_ENABLE_MODULES = YES;
				CLANG_ENABLE_OBJC_ARC = YES;
				CLANG_ENABLE_OBJC_WEAK = YES;
				CLANG_WARN_BLOCK_CAPTURE_AUTORELEASING = YES;
				CLANG_WARN_BOOL_CONVERSION = YES;
				CLANG_WARN_COMMA = YES;
				CLANG_WARN_CONSTANT_CONVERSION = YES;
				CLANG_WARN_DEPRECATED_OBJC_IMPLEMENTATIONS = YES;
				CLANG_WARN_DIRECT_OBJC_ISA_USAGE = YES_ERROR;
				CLANG_WARN_DOCUMENTATION_COMMENTS = YES;
				CLANG_WARN_EMPTY_BODY = YES;
				CLANG_WARN_ENUM_CONVERSION = YES;
				CLANG_WARN_INFINITE_RECURSION = YES;
				CLANG_WARN_INT_CONVERSION = YES;
				CLANG_WARN_NON_LITERAL_NULL_CONVERSION = YES;
				CLANG_WARN_OBJC_IMPLICIT_RETAIN_SELF = YES;
				CLANG_WARN_OBJC_LITERAL_CONVERSION = YES;
				CLANG_WARN_OBJC_ROOT_CLASS = YES_ERROR;
				CLANG_WARN_QUOTED_INCLUDE_IN_FRAMEWORK_HEADER = YES;
				CLANG_WARN_RANGE_LOOP_ANALYSIS = YES;
				CLANG_WARN_STRICT_PROTOTYPES = YES;
				CLANG_WARN_SUSPICIOUS_MOVE = YES;
				CLANG_WARN_UNGUARDED_AVAILABILITY = YES_AGGRESSIVE;
				CLANG_WARN_UNREACHABLE_CODE = YES;
				CLANG_WARN__DUPLICATE_METHOD_MATCH = YES;
				COPY_PHASE_STRIP = NO;
				CURRENT_PROJECT_VERSION = 1;
				DEBUG_INFORMATION_FORMAT = "dwarf-with-dsym";
				ENABLE_NS_ASSERTIONS = NO;
				ENABLE_STRICT_OBJC_MSGSEND = YES;
				GCC_C_LANGUAGE_STANDARD = gnu11;
				GCC_NO_COMMON_BLOCKS = YES;
				GCC_WARN_64_TO_32_BIT_CONVERSION = YES;
				GCC_WARN_ABOUT_RETURN_TYPE = YES_ERROR;
				GCC_WARN_UNDECLARED_SELECTOR = YES;
				GCC_WARN_UNINITIALIZED_AUTOS = YES_AGGRESSIVE;
				GCC_WARN_UNUSED_FUNCTION = YES;
				GCC_WARN_UNUSED_VARIABLE = YES;
				IPHONEOS_DEPLOYMENT_TARGET = 14.0;
				MTL_ENABLE_DEBUG_INFO = NO;
				MTL_FAST_MATH = YES;
				SDKROOT = iphoneos;
				VALIDATE_PRODUCT = YES;
				VERSIONING_SYSTEM = "apple-generic";
				VERSION_INFO_PREFIX = "";
			};
			name = Release;
		};
		EF8135012E726F0A0019FD86 /* Debug */ = {
			isa = XCBuildConfiguration;
			buildSettings = {
				CODE_SIGN_STYLE = Automatic;
				CURRENT_PROJECT_VERSION = 1;
				DEFINES_MODULE = YES;
				DYLIB_COMPATIBILITY_VERSION = 1;
				DYLIB_CURRENT_VERSION = 1;
				DYLIB_INSTALL_NAME_BASE = "@rpath";
				GENERATE_INFOPLIST_FILE = YES;
				INFOPLIST_KEY_NSHumanReadableCopyright = "";
				INSTALL_PATH = "$(LOCAL_LIBRARY_DIR)/Frameworks";
				LD_RUNPATH_SEARCH_PATHS = (
					"$(inherited)",
					"@executable_path/Frameworks",
					"@loader_path/Frameworks",
				);
				MARKETING_VERSION = 1.0;
				PRODUCT_BUNDLE_IDENTIFIER = com.jasonelle.JLSettings;
				PRODUCT_NAME = "$(TARGET_NAME:c99extidentifier)";
				SKIP_INSTALL = YES;
				SWIFT_EMIT_LOC_STRINGS = YES;
				TARGETED_DEVICE_FAMILY = "1,2";
			};
			name = Debug;
		};
		EF8135022E726F0A0019FD86 /* Release */ = {
			isa = XCBuildConfiguration;
			buildSettings = {
				CODE_SIGN_STYLE = Automatic;
				CURRENT_PROJECT_VERSION = 1;
				DEFINES_MODULE = YES;
				DYLIB_COMPATIBILITY_VERSION = 1;
				DYLIB_CURRENT_VERSION = 1;
				DYLIB_INSTALL_NAME_BASE = "@rpath";
				GENERATE_INFOPLIST_FILE = YES;
				INFOPLIST_KEY_NSHumanReadableCopyright = "";
				INSTALL_PATH = "$(LOCAL_LIBRARY_DIR)/Frameworks";
				LD_RUNPATH_SEARCH_PATHS = (
					"$(inherited)",
					"@executable_path/Frameworks",
					"@loader_path/Frameworks",
				);
				MARKETING_VERSION = 1.0;
				PRODUCT_BUNDLE_IDENTIFIER = com.jasonelle.JLSettings;
				PRODUCT_NAME = "$(TARGET_NAME:c99extidentifier)";
				SKIP_INSTALL = YES;
				SWIFT_EMIT_LOC_STRINGS = YES;
				TARGETED_DEVICE_FAMILY = "1,2";
			};
			name = Release;
		};
/* End XCBuildConfiguration section */

/* Begin XCConfigurationList section */
		EF8134F32E726F090019FD86 /* Build configuration list for PBXProject "JLSettings" */ = {
			isa = XCConfigurationList;
			buildConfigurations = (
				EF8134FE2E726F0A0019FD86 /* Debug */,
				EF8134FF2E726F0A0019FD86 /* Release */,
			);
			defaultConfigurationIsVisible = 0;
			defaultConfigurationName = Release;
		};
		EF8135002E726F0A0019FD86 /* Build configuration list for PBXNativeTarget "JLSettings" */ = {
			isa = XCConfigurationList;
			buildConfigurations = (
				EF8135012E726F0A0019FD86 /* Debug */,
				EF8135022E726F0A0019FD86 /* Release */,
			);
			defaultConfigurationIsVisible = 0;
			defaultConfigurationName = Release;
		};
/* End XCConfigurationList section */
	};
	rootObject = EF8134F02E726F090019FD86 /* Project object */;
}
