// !$*UTF8*$!
{
	archiveVersion = 1;
	classes = {
	};
	objectVersion = 55;
	objects = {

/* Begin PBXBuildFile section */
		EF1DCE4D2A51CF8400C77D06 /* JLKernel.framework in Frameworks */ = {isa = PBXBuildFile; fileRef = EF1DCE4C2A51CF8400C77D06 /* JLKernel.framework */; };
		EFDDA3BD2A4499F400C87BE1 /* JLClipboard.docc in Sources */ = {isa = PBXBuildFile; fileRef = EFDDA3BC2A4499F400C87BE1 /* JLClipboard.docc */; };
		EFDDA3C32A4499F400C87BE1 /* JLClipboard.framework in Frameworks */ = {isa = PBXBuildFile; fileRef = EFDDA3B82A4499F400C87BE1 /* JLClipboard.framework */; };
		EFDDA3C82A4499F400C87BE1 /* JLClipboardTests.m in Sources */ = {isa = PBXBuildFile; fileRef = EFDDA3C72A4499F400C87BE1 /* JLClipboardTests.m */; };
		EFDDA3C92A4499F400C87BE1 /* JLClipboard.h in Headers */ = {isa = PBXBuildFile; fileRef = EFDDA3BB2A4499F400C87BE1 /* JLClipboard.h */; settings = {ATTRIBUTES = (Public, ); }; };
		EFDDA3D92A449AA700C87BE1 /* JLClipboardSetHandler.h in Headers */ = {isa = PBXBuildFile; fileRef = EFDDA3D42A449AA600C87BE1 /* JLClipboardSetHandler.h */; };
		EFDDA3DA2A449AA700C87BE1 /* JLClipboardSetHandler.m in Sources */ = {isa = PBXBuildFile; fileRef = EFDDA3D52A449AA600C87BE1 /* JLClipboardSetHandler.m */; };
		EFDDA3DB2A449AA700C87BE1 /* JLClipboard.js in Resources */ = {isa = PBXBuildFile; fileRef = EFDDA3D62A449AA600C87BE1 /* JLClipboard.js */; };
		EFDDA3DC2A449AA700C87BE1 /* JLClipboard.m in Sources */ = {isa = PBXBuildFile; fileRef = EFDDA3D72A449AA700C87BE1 /* JLClipboard.m */; };
		EFDDA3DD2A449AA700C87BE1 /* examples.html in Resources */ = {isa = PBXBuildFile; fileRef = EFDDA3D82A449AA700C87BE1 /* examples.html */; };
		EFDDA3E72A44A34A00C87BE1 /* JLClipboardGetHandler.h in Headers */ = {isa = PBXBuildFile; fileRef = EFDDA3E52A44A34A00C87BE1 /* JLClipboardGetHandler.h */; };
		EFDDA3E82A44A34A00C87BE1 /* JLClipboardGetHandler.m in Sources */ = {isa = PBXBuildFile; fileRef = EFDDA3E62A44A34A00C87BE1 /* JLClipboardGetHandler.m */; };
/* End PBXBuildFile section */

/* Begin PBXContainerItemProxy section */
		EFDDA3C42A4499F400C87BE1 /* PBXContainerItemProxy */ = {
			isa = PBXContainerItemProxy;
			containerPortal = EFDDA3AF2A4499F400C87BE1 /* Project object */;
			proxyType = 1;
			remoteGlobalIDString = EFDDA3B72A4499F400C87BE1;
			remoteInfo = JLClipboard;
		};
/* End PBXContainerItemProxy section */

/* Begin PBXFileReference section */
		EF1DCE4C2A51CF8400C77D06 /* JLKernel.framework */ = {isa = PBXFileReference; explicitFileType = wrapper.framework; path = JLKernel.framework; sourceTree = BUILT_PRODUCTS_DIR; };
		EFDDA3B82A4499F400C87BE1 /* JLClipboard.framework */ = {isa = PBXFileReference; explicitFileType = wrapper.framework; includeInIndex = 0; path = JLClipboard.framework; sourceTree = BUILT_PRODUCTS_DIR; };
		EFDDA3BB2A4499F400C87BE1 /* JLClipboard.h */ = {isa = PBXFileReference; lastKnownFileType = sourcecode.c.h; path = JLClipboard.h; sourceTree = "<group>"; };
		EFDDA3BC2A4499F400C87BE1 /* JLClipboard.docc */ = {isa = PBXFileReference; lastKnownFileType = folder.documentationcatalog; path = JLClipboard.docc; sourceTree = "<group>"; };
		EFDDA3C22A4499F400C87BE1 /* JLClipboardTests.xctest */ = {isa = PBXFileReference; explicitFileType = wrapper.cfbundle; includeInIndex = 0; path = JLClipboardTests.xctest; sourceTree = BUILT_PRODUCTS_DIR; };
		EFDDA3C72A4499F400C87BE1 /* JLClipboardTests.m */ = {isa = PBXFileReference; lastKnownFileType = sourcecode.c.objc; path = JLClipboardTests.m; sourceTree = "<group>"; };
		EFDDA3D42A449AA600C87BE1 /* JLClipboardSetHandler.h */ = {isa = PBXFileReference; fileEncoding = 4; lastKnownFileType = sourcecode.c.h; path = JLClipboardSetHandler.h; sourceTree = "<group>"; };
		EFDDA3D52A449AA600C87BE1 /* JLClipboardSetHandler.m */ = {isa = PBXFileReference; fileEncoding = 4; lastKnownFileType = sourcecode.c.objc; path = JLClipboardSetHandler.m; sourceTree = "<group>"; };
		EFDDA3D62A449AA600C87BE1 /* JLClipboard.js */ = {isa = PBXFileReference; fileEncoding = 4; lastKnownFileType = sourcecode.javascript; path = JLClipboard.js; sourceTree = "<group>"; };
		EFDDA3D72A449AA700C87BE1 /* JLClipboard.m */ = {isa = PBXFileReference; fileEncoding = 4; lastKnownFileType = sourcecode.c.objc; path = JLClipboard.m; sourceTree = "<group>"; };
		EFDDA3D82A449AA700C87BE1 /* examples.html */ = {isa = PBXFileReference; fileEncoding = 4; lastKnownFileType = text.html; path = examples.html; sourceTree = "<group>"; };
		EFDDA3E52A44A34A00C87BE1 /* JLClipboardGetHandler.h */ = {isa = PBXFileReference; fileEncoding = 4; lastKnownFileType = sourcecode.c.h; path = JLClipboardGetHandler.h; sourceTree = "<group>"; };
		EFDDA3E62A44A34A00C87BE1 /* JLClipboardGetHandler.m */ = {isa = PBXFileReference; fileEncoding = 4; lastKnownFileType = sourcecode.c.objc; path = JLClipboardGetHandler.m; sourceTree = "<group>"; };
/* End PBXFileReference section */

/* Begin PBXFrameworksBuildPhase section */
		EFDDA3B52A4499F400C87BE1 /* Frameworks */ = {
			isa = PBXFrameworksBuildPhase;
			buildActionMask = 2147483647;
			files = (
				EF1DCE4D2A51CF8400C77D06 /* JLKernel.framework in Frameworks */,
			);
			runOnlyForDeploymentPostprocessing = 0;
		};
		EFDDA3BF2A4499F400C87BE1 /* Frameworks */ = {
			isa = PBXFrameworksBuildPhase;
			buildActionMask = 2147483647;
			files = (
				EFDDA3C32A4499F400C87BE1 /* JLClipboard.framework in Frameworks */,
			);
			runOnlyForDeploymentPostprocessing = 0;
		};
/* End PBXFrameworksBuildPhase section */

/* Begin PBXGroup section */
		EF1DCE4B2A51CF8400C77D06 /* Frameworks */ = {
			isa = PBXGroup;
			children = (
				EF1DCE4C2A51CF8400C77D06 /* JLKernel.framework */,
			);
			name = Frameworks;
			sourceTree = "<group>";
		};
		EFDDA3AE2A4499F400C87BE1 = {
			isa = PBXGroup;
			children = (
				EFDDA3BA2A4499F400C87BE1 /* JLClipboard */,
				EFDDA3C62A4499F400C87BE1 /* JLClipboardTests */,
				EFDDA3B92A4499F400C87BE1 /* Products */,
				EF1DCE4B2A51CF8400C77D06 /* Frameworks */,
			);
			sourceTree = "<group>";
		};
		EFDDA3B92A4499F400C87BE1 /* Products */ = {
			isa = PBXGroup;
			children = (
				EFDDA3B82A4499F400C87BE1 /* JLClipboard.framework */,
				EFDDA3C22A4499F400C87BE1 /* JLClipboardTests.xctest */,
			);
			name = Products;
			sourceTree = "<group>";
		};
		EFDDA3BA2A4499F400C87BE1 /* JLClipboard */ = {
			isa = PBXGroup;
			children = (
				EFDDA3D82A449AA700C87BE1 /* examples.html */,
				EFDDA3D32A449AA600C87BE1 /* Handlers */,
				EFDDA3D62A449AA600C87BE1 /* JLClipboard.js */,
				EFDDA3D72A449AA700C87BE1 /* JLClipboard.m */,
				EFDDA3BB2A4499F400C87BE1 /* JLClipboard.h */,
				EFDDA3BC2A4499F400C87BE1 /* JLClipboard.docc */,
			);
			path = JLClipboard;
			sourceTree = "<group>";
		};
		EFDDA3C62A4499F400C87BE1 /* JLClipboardTests */ = {
			isa = PBXGroup;
			children = (
				EFDDA3C72A4499F400C87BE1 /* JLClipboardTests.m */,
			);
			path = JLClipboardTests;
			sourceTree = "<group>";
		};
		EFDDA3D32A449AA600C87BE1 /* Handlers */ = {
			isa = PBXGroup;
			children = (
				EFDDA3E32A44A28600C87BE1 /* $clipboard.set */,
				EFDDA3E42A44A34A00C87BE1 /* $clipboard.get */,
			);
			path = Handlers;
			sourceTree = "<group>";
		};
		EFDDA3E32A44A28600C87BE1 /* $clipboard.set */ = {
			isa = PBXGroup;
			children = (
				EFDDA3D42A449AA600C87BE1 /* JLClipboardSetHandler.h */,
				EFDDA3D52A449AA600C87BE1 /* JLClipboardSetHandler.m */,
			);
			path = $clipboard.set;
			sourceTree = "<group>";
		};
		EFDDA3E42A44A34A00C87BE1 /* $clipboard.get */ = {
			isa = PBXGroup;
			children = (
				EFDDA3E52A44A34A00C87BE1 /* JLClipboardGetHandler.h */,
				EFDDA3E62A44A34A00C87BE1 /* JLClipboardGetHandler.m */,
			);
			path = $clipboard.get;
			sourceTree = "<group>";
		};
/* End PBXGroup section */

/* Begin PBXHeadersBuildPhase section */
		EFDDA3B32A4499F400C87BE1 /* Headers */ = {
			isa = PBXHeadersBuildPhase;
			buildActionMask = 2147483647;
			files = (
				EFDDA3E72A44A34A00C87BE1 /* JLClipboardGetHandler.h in Headers */,
				EFDDA3C92A4499F400C87BE1 /* JLClipboard.h in Headers */,
				EFDDA3D92A449AA700C87BE1 /* JLClipboardSetHandler.h in Headers */,
			);
			runOnlyForDeploymentPostprocessing = 0;
		};
/* End PBXHeadersBuildPhase section */

/* Begin PBXNativeTarget section */
		EFDDA3B72A4499F400C87BE1 /* JLClipboard */ = {
			isa = PBXNativeTarget;
			buildConfigurationList = EFDDA3CC2A4499F400C87BE1 /* Build configuration list for PBXNativeTarget "JLClipboard" */;
			buildPhases = (
				EFDDA3B32A4499F400C87BE1 /* Headers */,
				EFDDA3B42A4499F400C87BE1 /* Sources */,
				EFDDA3B52A4499F400C87BE1 /* Frameworks */,
				EFDDA3B62A4499F400C87BE1 /* Resources */,
				EFDDA3D22A449A6E00C87BE1 /* Add Examples */,
			);
			buildRules = (
			);
			dependencies = (
			);
			name = JLClipboard;
			productName = JLClipboard;
			productReference = EFDDA3B82A4499F400C87BE1 /* JLClipboard.framework */;
			productType = "com.apple.product-type.framework";
		};
		EFDDA3C12A4499F400C87BE1 /* JLClipboardTests */ = {
			isa = PBXNativeTarget;
			buildConfigurationList = EFDDA3CF2A4499F400C87BE1 /* Build configuration list for PBXNativeTarget "JLClipboardTests" */;
			buildPhases = (
				EFDDA3BE2A4499F400C87BE1 /* Sources */,
				EFDDA3BF2A4499F400C87BE1 /* Frameworks */,
				EFDDA3C02A4499F400C87BE1 /* Resources */,
			);
			buildRules = (
			);
			dependencies = (
				EFDDA3C52A4499F400C87BE1 /* PBXTargetDependency */,
			);
			name = JLClipboardTests;
			productName = JLClipboardTests;
			productReference = EFDDA3C22A4499F400C87BE1 /* JLClipboardTests.xctest */;
			productType = "com.apple.product-type.bundle.unit-test";
		};
/* End PBXNativeTarget section */

/* Begin PBXProject section */
		EFDDA3AF2A4499F400C87BE1 /* Project object */ = {
			isa = PBXProject;
			attributes = {
				BuildIndependentTargetsInParallel = 1;
				LastUpgradeCheck = 1320;
				TargetAttributes = {
					EFDDA3B72A4499F400C87BE1 = {
						CreatedOnToolsVersion = 13.2.1;
					};
					EFDDA3C12A4499F400C87BE1 = {
						CreatedOnToolsVersion = 13.2.1;
					};
				};
			};
			buildConfigurationList = EFDDA3B22A4499F400C87BE1 /* Build configuration list for PBXProject "JLClipboard" */;
			compatibilityVersion = "Xcode 13.0";
			developmentRegion = en;
			hasScannedForEncodings = 0;
			knownRegions = (
				en,
				Base,
			);
			mainGroup = EFDDA3AE2A4499F400C87BE1;
			productRefGroup = EFDDA3B92A4499F400C87BE1 /* Products */;
			projectDirPath = "";
			projectRoot = "";
			targets = (
				EFDDA3B72A4499F400C87BE1 /* JLClipboard */,
				EFDDA3C12A4499F400C87BE1 /* JLClipboardTests */,
			);
		};
/* End PBXProject section */

/* Begin PBXResourcesBuildPhase section */
		EFDDA3B62A4499F400C87BE1 /* Resources */ = {
			isa = PBXResourcesBuildPhase;
			buildActionMask = 2147483647;
			files = (
				EFDDA3DB2A449AA700C87BE1 /* JLClipboard.js in Resources */,
				EFDDA3DD2A449AA700C87BE1 /* examples.html in Resources */,
			);
			runOnlyForDeploymentPostprocessing = 0;
		};
		EFDDA3C02A4499F400C87BE1 /* Resources */ = {
			isa = PBXResourcesBuildPhase;
			buildActionMask = 2147483647;
			files = (
			);
			runOnlyForDeploymentPostprocessing = 0;
		};
/* End PBXResourcesBuildPhase section */

/* Begin PBXShellScriptBuildPhase section */
		EFDDA3D22A449A6E00C87BE1 /* Add Examples */ = {
			isa = PBXShellScriptBuildPhase;
			alwaysOutOfDate = 1;
			buildActionMask = 2147483647;
			files = (
			);
			inputFileListPaths = (
			);
			inputPaths = (
			);
			name = "Add Examples";
			outputFileListPaths = (
			);
			outputPaths = (
			);
			runOnlyForDeploymentPostprocessing = 0;
			shellPath = /bin/sh;
			shellScript = "NAME=\"JLClipboard\"\nEXAMPLES_DIR=\"${PWD}/../../App/Files/Examples\"\nTEMPLATES_DIR=\"${EXAMPLES_DIR}/Templates\"\nSOURCES_DIR=\"${PWD}/${NAME}\"\n\n# Only copy the examples if the examples directory exists\nif [ -d \"${EXAMPLES_DIR}\" ] \nthen\n cat \"${SOURCES_DIR}/examples.html\" > \"${EXAMPLES_DIR}/${NAME}.example.html\"\nfi\n\n";
		};
/* End PBXShellScriptBuildPhase section */

/* Begin PBXSourcesBuildPhase section */
		EFDDA3B42A4499F400C87BE1 /* Sources */ = {
			isa = PBXSourcesBuildPhase;
			buildActionMask = 2147483647;
			files = (
				EFDDA3DC2A449AA700C87BE1 /* JLClipboard.m in Sources */,
				EFDDA3DA2A449AA700C87BE1 /* JLClipboardSetHandler.m in Sources */,
				EFDDA3E82A44A34A00C87BE1 /* JLClipboardGetHandler.m in Sources */,
				EFDDA3BD2A4499F400C87BE1 /* JLClipboard.docc in Sources */,
			);
			runOnlyForDeploymentPostprocessing = 0;
		};
		EFDDA3BE2A4499F400C87BE1 /* Sources */ = {
			isa = PBXSourcesBuildPhase;
			buildActionMask = 2147483647;
			files = (
				EFDDA3C82A4499F400C87BE1 /* JLClipboardTests.m in Sources */,
			);
			runOnlyForDeploymentPostprocessing = 0;
		};
/* End PBXSourcesBuildPhase section */

/* Begin PBXTargetDependency section */
		EFDDA3C52A4499F400C87BE1 /* PBXTargetDependency */ = {
			isa = PBXTargetDependency;
			target = EFDDA3B72A4499F400C87BE1 /* JLClipboard */;
			targetProxy = EFDDA3C42A4499F400C87BE1 /* PBXContainerItemProxy */;
		};
/* End PBXTargetDependency section */

/* Begin XCBuildConfiguration section */
		EFDDA3CA2A4499F400C87BE1 /* Debug */ = {
			isa = XCBuildConfiguration;
			buildSettings = {
				ALWAYS_SEARCH_USER_PATHS = NO;
				CLANG_ANALYZER_NONNULL = YES;
				CLANG_ANALYZER_NUMBER_OBJECT_CONVERSION = YES_AGGRESSIVE;
				CLANG_CXX_LANGUAGE_STANDARD = "gnu++17";
				CLANG_CXX_LIBRARY = "libc++";
				CLANG_ENABLE_MODULES = YES;
				CLANG_ENABLE_OBJC_ARC = YES;
				CLANG_ENABLE_OBJC_WEAK = YES;
				CLANG_WARN_BLOCK_CAPTURE_AUTORELEASING = YES;
				CLANG_WARN_BOOL_CONVERSION = YES;
				CLANG_WARN_COMMA = YES;
				CLANG_WARN_CONSTANT_CONVERSION = YES;
				CLANG_WARN_DEPRECATED_OBJC_IMPLEMENTATIONS = YES;
				CLANG_WARN_DIRECT_OBJC_ISA_USAGE = YES_ERROR;
				CLANG_WARN_DOCUMENTATION_COMMENTS = YES;
				CLANG_WARN_EMPTY_BODY = YES;
				CLANG_WARN_ENUM_CONVERSION = YES;
				CLANG_WARN_INFINITE_RECURSION = YES;
				CLANG_WARN_INT_CONVERSION = YES;
				CLANG_WARN_NON_LITERAL_NULL_CONVERSION = YES;
				CLANG_WARN_OBJC_IMPLICIT_RETAIN_SELF = YES;
				CLANG_WARN_OBJC_LITERAL_CONVERSION = YES;
				CLANG_WARN_OBJC_ROOT_CLASS = YES_ERROR;
				CLANG_WARN_QUOTED_INCLUDE_IN_FRAMEWORK_HEADER = YES;
				CLANG_WARN_RANGE_LOOP_ANALYSIS = YES;
				CLANG_WARN_STRICT_PROTOTYPES = YES;
				CLANG_WARN_SUSPICIOUS_MOVE = YES;
				CLANG_WARN_UNGUARDED_AVAILABILITY = YES_AGGRESSIVE;
				CLANG_WARN_UNREACHABLE_CODE = YES;
				CLANG_WARN__DUPLICATE_METHOD_MATCH = YES;
				COPY_PHASE_STRIP = NO;
				CURRENT_PROJECT_VERSION = 1;
				DEBUG_INFORMATION_FORMAT = dwarf;
				ENABLE_STRICT_OBJC_MSGSEND = YES;
				ENABLE_TESTABILITY = YES;
				GCC_C_LANGUAGE_STANDARD = gnu11;
				GCC_DYNAMIC_NO_PIC = NO;
				GCC_NO_COMMON_BLOCKS = YES;
				GCC_OPTIMIZATION_LEVEL = 0;
				GCC_PREPROCESSOR_DEFINITIONS = (
					"DEBUG=1",
					"$(inherited)",
				);
				GCC_WARN_64_TO_32_BIT_CONVERSION = YES;
				GCC_WARN_ABOUT_RETURN_TYPE = YES_ERROR;
				GCC_WARN_UNDECLARED_SELECTOR = YES;
				GCC_WARN_UNINITIALIZED_AUTOS = YES_AGGRESSIVE;
				GCC_WARN_UNUSED_FUNCTION = YES;
				GCC_WARN_UNUSED_VARIABLE = YES;
				IPHONEOS_DEPLOYMENT_TARGET = 14.0;
				MTL_ENABLE_DEBUG_INFO = INCLUDE_SOURCE;
				MTL_FAST_MATH = YES;
				ONLY_ACTIVE_ARCH = YES;
				SDKROOT = iphoneos;
				VERSIONING_SYSTEM = "apple-generic";
				VERSION_INFO_PREFIX = "";
			};
			name = Debug;
		};
		EFDDA3CB2A4499F400C87BE1 /* Release */ = {
			isa = XCBuildConfiguration;
			buildSettings = {
				ALWAYS_SEARCH_USER_PATHS = NO;
				CLANG_ANALYZER_NONNULL = YES;
				CLANG_ANALYZER_NUMBER_OBJECT_CONVERSION = YES_AGGRESSIVE;
				CLANG_CXX_LANGUAGE_STANDARD = "gnu++17";
				CLANG_CXX_LIBRARY = "libc++";
				CLANG_ENABLE_MODULES = YES;
				CLANG_ENABLE_OBJC_ARC = YES;
				CLANG_ENABLE_OBJC_WEAK = YES;
				CLANG_WARN_BLOCK_CAPTURE_AUTORELEASING = YES;
				CLANG_WARN_BOOL_CONVERSION = YES;
				CLANG_WARN_COMMA = YES;
				CLANG_WARN_CONSTANT_CONVERSION = YES;
				CLANG_WARN_DEPRECATED_OBJC_IMPLEMENTATIONS = YES;
				CLANG_WARN_DIRECT_OBJC_ISA_USAGE = YES_ERROR;
				CLANG_WARN_DOCUMENTATION_COMMENTS = YES;
				CLANG_WARN_EMPTY_BODY = YES;
				CLANG_WARN_ENUM_CONVERSION = YES;
				CLANG_WARN_INFINITE_RECURSION = YES;
				CLANG_WARN_INT_CONVERSION = YES;
				CLANG_WARN_NON_LITERAL_NULL_CONVERSION = YES;
				CLANG_WARN_OBJC_IMPLICIT_RETAIN_SELF = YES;
				CLANG_WARN_OBJC_LITERAL_CONVERSION = YES;
				CLANG_WARN_OBJC_ROOT_CLASS = YES_ERROR;
				CLANG_WARN_QUOTED_INCLUDE_IN_FRAMEWORK_HEADER = YES;
				CLANG_WARN_RANGE_LOOP_ANALYSIS = YES;
				CLANG_WARN_STRICT_PROTOTYPES = YES;
				CLANG_WARN_SUSPICIOUS_MOVE = YES;
				CLANG_WARN_UNGUARDED_AVAILABILITY = YES_AGGRESSIVE;
				CLANG_WARN_UNREACHABLE_CODE = YES;
				CLANG_WARN__DUPLICATE_METHOD_MATCH = YES;
				COPY_PHASE_STRIP = NO;
				CURRENT_PROJECT_VERSION = 1;
				DEBUG_INFORMATION_FORMAT = "dwarf-with-dsym";
				ENABLE_NS_ASSERTIONS = NO;
				ENABLE_STRICT_OBJC_MSGSEND = YES;
				GCC_C_LANGUAGE_STANDARD = gnu11;
				GCC_NO_COMMON_BLOCKS = YES;
				GCC_WARN_64_TO_32_BIT_CONVERSION = YES;
				GCC_WARN_ABOUT_RETURN_TYPE = YES_ERROR;
				GCC_WARN_UNDECLARED_SELECTOR = YES;
				GCC_WARN_UNINITIALIZED_AUTOS = YES_AGGRESSIVE;
				GCC_WARN_UNUSED_FUNCTION = YES;
				GCC_WARN_UNUSED_VARIABLE = YES;
				IPHONEOS_DEPLOYMENT_TARGET = 14.0;
				MTL_ENABLE_DEBUG_INFO = NO;
				MTL_FAST_MATH = YES;
				SDKROOT = iphoneos;
				VALIDATE_PRODUCT = YES;
				VERSIONING_SYSTEM = "apple-generic";
				VERSION_INFO_PREFIX = "";
			};
			name = Release;
		};
		EFDDA3CD2A4499F400C87BE1 /* Debug */ = {
			isa = XCBuildConfiguration;
			buildSettings = {
				CODE_SIGN_STYLE = Automatic;
				CURRENT_PROJECT_VERSION = 1;
				DEFINES_MODULE = YES;
				DYLIB_COMPATIBILITY_VERSION = 1;
				DYLIB_CURRENT_VERSION = 1;
				DYLIB_INSTALL_NAME_BASE = "@rpath";
				GENERATE_INFOPLIST_FILE = YES;
				INFOPLIST_KEY_NSHumanReadableCopyright = "";
				INSTALL_PATH = "$(LOCAL_LIBRARY_DIR)/Frameworks";
				IPHONEOS_DEPLOYMENT_TARGET = 14.0;
				LD_RUNPATH_SEARCH_PATHS = (
					"$(inherited)",
					"@executable_path/Frameworks",
					"@loader_path/Frameworks",
				);
				MARKETING_VERSION = 1.0;
				PRODUCT_BUNDLE_IDENTIFIER = com.jasonelle.JLClipboard;
				PRODUCT_NAME = "$(TARGET_NAME:c99extidentifier)";
				SKIP_INSTALL = YES;
				SWIFT_EMIT_LOC_STRINGS = YES;
				TARGETED_DEVICE_FAMILY = "1,2";
			};
			name = Debug;
		};
		EFDDA3CE2A4499F400C87BE1 /* Release */ = {
			isa = XCBuildConfiguration;
			buildSettings = {
				CODE_SIGN_STYLE = Automatic;
				CURRENT_PROJECT_VERSION = 1;
				DEFINES_MODULE = YES;
				DYLIB_COMPATIBILITY_VERSION = 1;
				DYLIB_CURRENT_VERSION = 1;
				DYLIB_INSTALL_NAME_BASE = "@rpath";
				GENERATE_INFOPLIST_FILE = YES;
				INFOPLIST_KEY_NSHumanReadableCopyright = "";
				INSTALL_PATH = "$(LOCAL_LIBRARY_DIR)/Frameworks";
				IPHONEOS_DEPLOYMENT_TARGET = 14.0;
				LD_RUNPATH_SEARCH_PATHS = (
					"$(inherited)",
					"@executable_path/Frameworks",
					"@loader_path/Frameworks",
				);
				MARKETING_VERSION = 1.0;
				PRODUCT_BUNDLE_IDENTIFIER = com.jasonelle.JLClipboard;
				PRODUCT_NAME = "$(TARGET_NAME:c99extidentifier)";
				SKIP_INSTALL = YES;
				SWIFT_EMIT_LOC_STRINGS = YES;
				TARGETED_DEVICE_FAMILY = "1,2";
			};
			name = Release;
		};
		EFDDA3D02A4499F400C87BE1 /* Debug */ = {
			isa = XCBuildConfiguration;
			buildSettings = {
				CODE_SIGN_STYLE = Automatic;
				CURRENT_PROJECT_VERSION = 1;
				GENERATE_INFOPLIST_FILE = YES;
				MARKETING_VERSION = 1.0;
				PRODUCT_BUNDLE_IDENTIFIER = com.jasonelle.JLClipboardTests;
				PRODUCT_NAME = "$(TARGET_NAME)";
				SWIFT_EMIT_LOC_STRINGS = NO;
				TARGETED_DEVICE_FAMILY = "1,2";
			};
			name = Debug;
		};
		EFDDA3D12A4499F400C87BE1 /* Release */ = {
			isa = XCBuildConfiguration;
			buildSettings = {
				CODE_SIGN_STYLE = Automatic;
				CURRENT_PROJECT_VERSION = 1;
				GENERATE_INFOPLIST_FILE = YES;
				MARKETING_VERSION = 1.0;
				PRODUCT_BUNDLE_IDENTIFIER = com.jasonelle.JLClipboardTests;
				PRODUCT_NAME = "$(TARGET_NAME)";
				SWIFT_EMIT_LOC_STRINGS = NO;
				TARGETED_DEVICE_FAMILY = "1,2";
			};
			name = Release;
		};
/* End XCBuildConfiguration section */

/* Begin XCConfigurationList section */
		EFDDA3B22A4499F400C87BE1 /* Build configuration list for PBXProject "JLClipboard" */ = {
			isa = XCConfigurationList;
			buildConfigurations = (
				EFDDA3CA2A4499F400C87BE1 /* Debug */,
				EFDDA3CB2A4499F400C87BE1 /* Release */,
			);
			defaultConfigurationIsVisible = 0;
			defaultConfigurationName = Release;
		};
		EFDDA3CC2A4499F400C87BE1 /* Build configuration list for PBXNativeTarget "JLClipboard" */ = {
			isa = XCConfigurationList;
			buildConfigurations = (
				EFDDA3CD2A4499F400C87BE1 /* Debug */,
				EFDDA3CE2A4499F400C87BE1 /* Release */,
			);
			defaultConfigurationIsVisible = 0;
			defaultConfigurationName = Release;
		};
		EFDDA3CF2A4499F400C87BE1 /* Build configuration list for PBXNativeTarget "JLClipboardTests" */ = {
			isa = XCConfigurationList;
			buildConfigurations = (
				EFDDA3D02A4499F400C87BE1 /* Debug */,
				EFDDA3D12A4499F400C87BE1 /* Release */,
			);
			defaultConfigurationIsVisible = 0;
			defaultConfigurationName = Release;
		};
/* End XCConfigurationList section */
	};
	rootObject = EFDDA3AF2A4499F400C87BE1 /* Project object */;
}
